// !$*UTF8*$!
{
	archiveVersion = 1;
	classes = {
	};
	objectVersion = 56;
	objects = {

/* Begin PBXBuildFile section */
		C63EF7982A221EAA00A482EB /* AppDelegate.swift in Sources */ = {isa = PBXBuildFile; fileRef = C63EF7972A221EAA00A482EB /* AppDelegate.swift */; };
		C63EF79A2A221EAA00A482EB /* SceneDelegate.swift in Sources */ = {isa = PBXBuildFile; fileRef = C63EF7992A221EAA00A482EB /* SceneDelegate.swift */; };
		C63EF79C2A221EAA00A482EB /* ViewController.swift in Sources */ = {isa = PBXBuildFile; fileRef = C63EF79B2A221EAA00A482EB /* ViewController.swift */; };
		C63EF79F2A221EAA00A482EB /* Main.storyboard in Resources */ = {isa = PBXBuildFile; fileRef = C63EF79D2A221EAA00A482EB /* Main.storyboard */; };
		C63EF7A12A221EAB00A482EB /* Assets.xcassets in Resources */ = {isa = PBXBuildFile; fileRef = C63EF7A02A221EAB00A482EB /* Assets.xcassets */; };
		C63EF7A42A221EAB00A482EB /* LaunchScreen.storyboard in Resources */ = {isa = PBXBuildFile; fileRef = C63EF7A22A221EAB00A482EB /* LaunchScreen.storyboard */; };
/* End PBXBuildFile section */

/* Begin PBXFileReference section */
		C63EF7942A221EAA00A482EB /* Currency.app */ = {isa = PBXFileReference; explicitFileType = wrapper.application; includeInIndex = 0; path = Currency.app; sourceTree = BUILT_PRODUCTS_DIR; };
		C63EF7972A221EAA00A482EB /* AppDelegate.swift */ = {isa = PBXFileReference; lastKnownFileType = sourcecode.swift; path = AppDelegate.swift; sourceTree = "<group>"; };
		C63EF7992A221EAA00A482EB /* SceneDelegate.swift */ = {isa = PBXFileReference; lastKnownFileType = sourcecode.swift; path = SceneDelegate.swift; sourceTree = "<group>"; };
		C63EF79B2A221EAA00A482EB /* ViewController.swift */ = {isa = PBXFileReference; lastKnownFileType = sourcecode.swift; path = ViewController.swift; sourceTree = "<group>"; };
		C63EF79E2A221EAA00A482EB /* Base */ = {isa = PBXFileReference; lastKnownFileType = file.storyboard; name = Base; path = Base.lproj/Main.storyboard; sourceTree = "<group>"; };
		C63EF7A02A221EAB00A482EB /* Assets.xcassets */ = {isa = PBXFileReference; lastKnownFileType = folder.assetcatalog; path = Assets.xcassets; sourceTree = "<group>"; };
		C63EF7A32A221EAB00A482EB /* Base */ = {isa = PBXFileReference; lastKnownFileType = file.storyboard; name = Base; path = Base.lproj/LaunchScreen.storyboard; sourceTree = "<group>"; };
		C63EF7A52A221EAB00A482EB /* Info.plist */ = {isa = PBXFileReference; lastKnownFileType = text.plist.xml; path = Info.plist; sourceTree = "<group>"; };
/* End PBXFileReference section */

/* Begin PBXFrameworksBuildPhase section */
		C63EF7912A221EAA00A482EB /* Frameworks */ = {
			isa = PBXFrameworksBuildPhase;
			buildActionMask = 2147483647;
			files = (
			);
			runOnlyForDeploymentPostprocessing = 0;
		};
/* End PBXFrameworksBuildPhase section */

/* Begin PBXGroup section */
		C622787B2A222473008A71DC /* Presentation */ = {
			isa = PBXGroup;
			children = (
				C62278812A22250C008A71DC /* Model */,
				C62278802A222505008A71DC /* View Model */,
				C622787F2A2224FC008A71DC /* View */,
			);
			path = Presentation;
			sourceTree = "<group>";
		};
		C622787C2A222486008A71DC /* Domain */ = {
			isa = PBXGroup;
			children = (
				C62278842A222529008A71DC /* Repository Interface */,
				C62278832A22251E008A71DC /* Use Case */,
				C62278822A222518008A71DC /* Entity */,
			);
			path = Domain;
			sourceTree = "<group>";
		};
		C622787D2A22248D008A71DC /* Data */ = {
			isa = PBXGroup;
			children = (
				C62278852A22253D008A71DC /* Repository */,
			);
			path = Data;
			sourceTree = "<group>";
		};
		C622787E2A222492008A71DC /* Currency Converter */ = {
			isa = PBXGroup;
			children = (
				C622787D2A22248D008A71DC /* Data */,
				C622787C2A222486008A71DC /* Domain */,
				C622787B2A222473008A71DC /* Presentation */,
			);
			path = "Currency Converter";
			sourceTree = "<group>";
		};
		C622787F2A2224FC008A71DC /* View */ = {
			isa = PBXGroup;
			children = (
			);
			path = View;
			sourceTree = "<group>";
		};
		C62278802A222505008A71DC /* View Model */ = {
			isa = PBXGroup;
			children = (
			);
			path = "View Model";
			sourceTree = "<group>";
		};
		C62278812A22250C008A71DC /* Model */ = {
			isa = PBXGroup;
			children = (
			);
			path = Model;
			sourceTree = "<group>";
		};
		C62278822A222518008A71DC /* Entity */ = {
			isa = PBXGroup;
			children = (
			);
			path = Entity;
			sourceTree = "<group>";
		};
		C62278832A22251E008A71DC /* Use Case */ = {
			isa = PBXGroup;
			children = (
			);
			path = "Use Case";
			sourceTree = "<group>";
		};
		C62278842A222529008A71DC /* Repository Interface */ = {
			isa = PBXGroup;
			children = (
			);
			path = "Repository Interface";
			sourceTree = "<group>";
		};
		C62278852A22253D008A71DC /* Repository */ = {
			isa = PBXGroup;
			children = (
			);
			path = Repository;
			sourceTree = "<group>";
		};
		C63EF78B2A221EAA00A482EB = {
			isa = PBXGroup;
			children = (
				C63EF7962A221EAA00A482EB /* Currency */,
				C63EF7952A221EAA00A482EB /* Products */,
			);
			sourceTree = "<group>";
		};
		C63EF7952A221EAA00A482EB /* Products */ = {
			isa = PBXGroup;
			children = (
				C63EF7942A221EAA00A482EB /* Currency.app */,
			);
			name = Products;
			sourceTree = "<group>";
		};
		C63EF7962A221EAA00A482EB /* Currency */ = {
			isa = PBXGroup;
			children = (
				C63EF7AC2A2221DE00A482EB /* Modules */,
				C63EF7AB2A2221CC00A482EB /* App */,
				C63EF79B2A221EAA00A482EB /* ViewController.swift */,
			);
			path = Currency;
			sourceTree = "<group>";
		};
		C63EF7AB2A2221CC00A482EB /* App */ = {
			isa = PBXGroup;
			children = (
				C63EF7AF2A22225C00A482EB /* Miscellaneous */,
				C63EF7AE2A22223F00A482EB /* Delegate */,
				C63EF7AD2A22222900A482EB /* Storyboard */,
			);
			path = App;
			sourceTree = "<group>";
		};
		C63EF7AC2A2221DE00A482EB /* Modules */ = {
			isa = PBXGroup;
			children = (
				C622787E2A222492008A71DC /* Currency Converter */,
			);
			path = Modules;
			sourceTree = "<group>";
		};
		C63EF7AD2A22222900A482EB /* Storyboard */ = {
			isa = PBXGroup;
			children = (
				C63EF79D2A221EAA00A482EB /* Main.storyboard */,
				C63EF7A22A221EAB00A482EB /* LaunchScreen.storyboard */,
			);
			path = Storyboard;
			sourceTree = "<group>";
		};
		C63EF7AE2A22223F00A482EB /* Delegate */ = {
			isa = PBXGroup;
			children = (
				C63EF7972A221EAA00A482EB /* AppDelegate.swift */,
				C63EF7992A221EAA00A482EB /* SceneDelegate.swift */,
			);
			path = Delegate;
			sourceTree = "<group>";
		};
		C63EF7AF2A22225C00A482EB /* Miscellaneous */ = {
			isa = PBXGroup;
			children = (
				C63EF7A02A221EAB00A482EB /* Assets.xcassets */,
				C63EF7A52A221EAB00A482EB /* Info.plist */,
			);
			path = Miscellaneous;
			sourceTree = "<group>";
		};
/* End PBXGroup section */

/* Begin PBXNativeTarget section */
		C63EF7932A221EAA00A482EB /* Currency */ = {
			isa = PBXNativeTarget;
			buildConfigurationList = C63EF7A82A221EAB00A482EB /* Build configuration list for PBXNativeTarget "Currency" */;
			buildPhases = (
				C63EF7902A221EAA00A482EB /* Sources */,
				C63EF7912A221EAA00A482EB /* Frameworks */,
				C63EF7922A221EAA00A482EB /* Resources */,
			);
			buildRules = (
			);
			dependencies = (
			);
			name = Currency;
			productName = Currency;
			productReference = C63EF7942A221EAA00A482EB /* Currency.app */;
			productType = "com.apple.product-type.application";
		};
/* End PBXNativeTarget section */

/* Begin PBXProject section */
		C63EF78C2A221EAA00A482EB /* Project object */ = {
			isa = PBXProject;
			attributes = {
				BuildIndependentTargetsInParallel = 1;
				LastSwiftUpdateCheck = 1420;
				LastUpgradeCheck = 1420;
				TargetAttributes = {
					C63EF7932A221EAA00A482EB = {
						CreatedOnToolsVersion = 14.2;
					};
				};
			};
			buildConfigurationList = C63EF78F2A221EAA00A482EB /* Build configuration list for PBXProject "Currency" */;
			compatibilityVersion = "Xcode 14.0";
			developmentRegion = en;
			hasScannedForEncodings = 0;
			knownRegions = (
				en,
				Base,
			);
			mainGroup = C63EF78B2A221EAA00A482EB;
			productRefGroup = C63EF7952A221EAA00A482EB /* Products */;
			projectDirPath = "";
			projectRoot = "";
			targets = (
				C63EF7932A221EAA00A482EB /* Currency */,
			);
		};
/* End PBXProject section */

/* Begin PBXResourcesBuildPhase section */
		C63EF7922A221EAA00A482EB /* Resources */ = {
			isa = PBXResourcesBuildPhase;
			buildActionMask = 2147483647;
			files = (
				C63EF7A42A221EAB00A482EB /* LaunchScreen.storyboard in Resources */,
				C63EF7A12A221EAB00A482EB /* Assets.xcassets in Resources */,
				C63EF79F2A221EAA00A482EB /* Main.storyboard in Resources */,
			);
			runOnlyForDeploymentPostprocessing = 0;
		};
/* End PBXResourcesBuildPhase section */

/* Begin PBXSourcesBuildPhase section */
		C63EF7902A221EAA00A482EB /* Sources */ = {
			isa = PBXSourcesBuildPhase;
			buildActionMask = 2147483647;
			files = (
				C63EF79C2A221EAA00A482EB /* ViewController.swift in Sources */,
				C63EF7982A221EAA00A482EB /* AppDelegate.swift in Sources */,
				C63EF79A2A221EAA00A482EB /* SceneDelegate.swift in Sources */,
			);
			runOnlyForDeploymentPostprocessing = 0;
		};
/* End PBXSourcesBuildPhase section */

/* Begin PBXVariantGroup section */
		C63EF79D2A221EAA00A482EB /* Main.storyboard */ = {
			isa = PBXVariantGroup;
			children = (
				C63EF79E2A221EAA00A482EB /* Base */,
			);
			name = Main.storyboard;
			sourceTree = "<group>";
		};
		C63EF7A22A221EAB00A482EB /* LaunchScreen.storyboard */ = {
			isa = PBXVariantGroup;
			children = (
				C63EF7A32A221EAB00A482EB /* Base */,
			);
			name = LaunchScreen.storyboard;
			sourceTree = "<group>";
		};
/* End PBXVariantGroup section */

/* Begin XCBuildConfiguration section */
		C63EF7A62A221EAB00A482EB /* Debug */ = {
			isa = XCBuildConfiguration;
			buildSettings = {
				ALWAYS_SEARCH_USER_PATHS = NO;
				CLANG_ANALYZER_NONNULL = YES;
				CLANG_ANALYZER_NUMBER_OBJECT_CONVERSION = YES_AGGRESSIVE;
				CLANG_CXX_LANGUAGE_STANDARD = "gnu++20";
				CLANG_ENABLE_MODULES = YES;
				CLANG_ENABLE_OBJC_ARC = YES;
				CLANG_ENABLE_OBJC_WEAK = YES;
				CLANG_WARN_BLOCK_CAPTURE_AUTORELEASING = YES;
				CLANG_WARN_BOOL_CONVERSION = YES;
				CLANG_WARN_COMMA = YES;
				CLANG_WARN_CONSTANT_CONVERSION = YES;
				CLANG_WARN_DEPRECATED_OBJC_IMPLEMENTATIONS = YES;
				CLANG_WARN_DIRECT_OBJC_ISA_USAGE = YES_ERROR;
				CLANG_WARN_DOCUMENTATION_COMMENTS = YES;
				CLANG_WARN_EMPTY_BODY = YES;
				CLANG_WARN_ENUM_CONVERSION = YES;
				CLANG_WARN_INFINITE_RECURSION = YES;
				CLANG_WARN_INT_CONVERSION = YES;
				CLANG_WARN_NON_LITERAL_NULL_CONVERSION = YES;
				CLANG_WARN_OBJC_IMPLICIT_RETAIN_SELF = YES;
				CLANG_WARN_OBJC_LITERAL_CONVERSION = YES;
				CLANG_WARN_OBJC_ROOT_CLASS = YES_ERROR;
				CLANG_WARN_QUOTED_INCLUDE_IN_FRAMEWORK_HEADER = YES;
				CLANG_WARN_RANGE_LOOP_ANALYSIS = YES;
				CLANG_WARN_STRICT_PROTOTYPES = YES;
				CLANG_WARN_SUSPICIOUS_MOVE = YES;
				CLANG_WARN_UNGUARDED_AVAILABILITY = YES_AGGRESSIVE;
				CLANG_WARN_UNREACHABLE_CODE = YES;
				CLANG_WARN__DUPLICATE_METHOD_MATCH = YES;
				COPY_PHASE_STRIP = NO;
				DEBUG_INFORMATION_FORMAT = dwarf;
				ENABLE_STRICT_OBJC_MSGSEND = YES;
				ENABLE_TESTABILITY = YES;
				GCC_C_LANGUAGE_STANDARD = gnu11;
				GCC_DYNAMIC_NO_PIC = NO;
				GCC_NO_COMMON_BLOCKS = YES;
				GCC_OPTIMIZATION_LEVEL = 0;
				GCC_PREPROCESSOR_DEFINITIONS = (
					"DEBUG=1",
					"$(inherited)",
				);
				GCC_WARN_64_TO_32_BIT_CONVERSION = YES;
				GCC_WARN_ABOUT_RETURN_TYPE = YES_ERROR;
				GCC_WARN_UNDECLARED_SELECTOR = YES;
				GCC_WARN_UNINITIALIZED_AUTOS = YES_AGGRESSIVE;
				GCC_WARN_UNUSED_FUNCTION = YES;
				GCC_WARN_UNUSED_VARIABLE = YES;
				IPHONEOS_DEPLOYMENT_TARGET = 13.0;
				MTL_ENABLE_DEBUG_INFO = INCLUDE_SOURCE;
				MTL_FAST_MATH = YES;
				ONLY_ACTIVE_ARCH = YES;
				SDKROOT = iphoneos;
				SWIFT_ACTIVE_COMPILATION_CONDITIONS = DEBUG;
				SWIFT_OPTIMIZATION_LEVEL = "-Onone";
			};
			name = Debug;
		};
		C63EF7A72A221EAB00A482EB /* Release */ = {
			isa = XCBuildConfiguration;
			buildSettings = {
				ALWAYS_SEARCH_USER_PATHS = NO;
				CLANG_ANALYZER_NONNULL = YES;
				CLANG_ANALYZER_NUMBER_OBJECT_CONVERSION = YES_AGGRESSIVE;
				CLANG_CXX_LANGUAGE_STANDARD = "gnu++20";
				CLANG_ENABLE_MODULES = YES;
				CLANG_ENABLE_OBJC_ARC = YES;
				CLANG_ENABLE_OBJC_WEAK = YES;
				CLANG_WARN_BLOCK_CAPTURE_AUTORELEASING = YES;
				CLANG_WARN_BOOL_CONVERSION = YES;
				CLANG_WARN_COMMA = YES;
				CLANG_WARN_CONSTANT_CONVERSION = YES;
				CLANG_WARN_DEPRECATED_OBJC_IMPLEMENTATIONS = YES;
				CLANG_WARN_DIRECT_OBJC_ISA_USAGE = YES_ERROR;
				CLANG_WARN_DOCUMENTATION_COMMENTS = YES;
				CLANG_WARN_EMPTY_BODY = YES;
				CLANG_WARN_ENUM_CONVERSION = YES;
				CLANG_WARN_INFINITE_RECURSION = YES;
				CLANG_WARN_INT_CONVERSION = YES;
				CLANG_WARN_NON_LITERAL_NULL_CONVERSION = YES;
				CLANG_WARN_OBJC_IMPLICIT_RETAIN_SELF = YES;
				CLANG_WARN_OBJC_LITERAL_CONVERSION = YES;
				CLANG_WARN_OBJC_ROOT_CLASS = YES_ERROR;
				CLANG_WARN_QUOTED_INCLUDE_IN_FRAMEWORK_HEADER = YES;
				CLANG_WARN_RANGE_LOOP_ANALYSIS = YES;
				CLANG_WARN_STRICT_PROTOTYPES = YES;
				CLANG_WARN_SUSPICIOUS_MOVE = YES;
				CLANG_WARN_UNGUARDED_AVAILABILITY = YES_AGGRESSIVE;
				CLANG_WARN_UNREACHABLE_CODE = YES;
				CLANG_WARN__DUPLICATE_METHOD_MATCH = YES;
				COPY_PHASE_STRIP = NO;
				DEBUG_INFORMATION_FORMAT = "dwarf-with-dsym";
				ENABLE_NS_ASSERTIONS = NO;
				ENABLE_STRICT_OBJC_MSGSEND = YES;
				GCC_C_LANGUAGE_STANDARD = gnu11;
				GCC_NO_COMMON_BLOCKS = YES;
				GCC_WARN_64_TO_32_BIT_CONVERSION = YES;
				GCC_WARN_ABOUT_RETURN_TYPE = YES_ERROR;
				GCC_WARN_UNDECLARED_SELECTOR = YES;
				GCC_WARN_UNINITIALIZED_AUTOS = YES_AGGRESSIVE;
				GCC_WARN_UNUSED_FUNCTION = YES;
				GCC_WARN_UNUSED_VARIABLE = YES;
				IPHONEOS_DEPLOYMENT_TARGET = 13.0;
				MTL_ENABLE_DEBUG_INFO = NO;
				MTL_FAST_MATH = YES;
				SDKROOT = iphoneos;
				SWIFT_COMPILATION_MODE = wholemodule;
				SWIFT_OPTIMIZATION_LEVEL = "-O";
				VALIDATE_PRODUCT = YES;
			};
			name = Release;
		};
		C63EF7A92A221EAB00A482EB /* Debug */ = {
			isa = XCBuildConfiguration;
			buildSettings = {
				ASSETCATALOG_COMPILER_APPICON_NAME = AppIcon;
				ASSETCATALOG_COMPILER_GLOBAL_ACCENT_COLOR_NAME = AccentColor;
				CODE_SIGN_STYLE = Automatic;
				CURRENT_PROJECT_VERSION = 1;
				DEVELOPMENT_TEAM = Z3SPAA69G7;
				GENERATE_INFOPLIST_FILE = YES;
				INFOPLIST_FILE = Currency/App/Miscellaneous/Info.plist;
				INFOPLIST_KEY_LSApplicationCategoryType = "public.app-category.finance";
				INFOPLIST_KEY_UIApplicationSupportsIndirectInputEvents = YES;
				INFOPLIST_KEY_UILaunchStoryboardName = LaunchScreen;
				INFOPLIST_KEY_UIMainStoryboardFile = Main;
				INFOPLIST_KEY_UISupportedInterfaceOrientations_iPad = "UIInterfaceOrientationPortrait UIInterfaceOrientationPortraitUpsideDown UIInterfaceOrientationLandscapeLeft UIInterfaceOrientationLandscapeRight";
				INFOPLIST_KEY_UISupportedInterfaceOrientations_iPhone = "UIInterfaceOrientationPortrait UIInterfaceOrientationLandscapeLeft UIInterfaceOrientationLandscapeRight";
				IPHONEOS_DEPLOYMENT_TARGET = 13.0;
				LD_RUNPATH_SEARCH_PATHS = (
					"$(inherited)",
					"@executable_path/Frameworks",
				);
				MARKETING_VERSION = 1.0;
				PRODUCT_BUNDLE_IDENTIFIER = com.loay.Currency;
				PRODUCT_NAME = "$(TARGET_NAME)";
				SUPPORTED_PLATFORMS = "iphoneos iphonesimulator";
				SUPPORTS_MACCATALYST = NO;
				SUPPORTS_MAC_DESIGNED_FOR_IPHONE_IPAD = NO;
				SWIFT_EMIT_LOC_STRINGS = YES;
				SWIFT_VERSION = 5.0;
				TARGETED_DEVICE_FAMILY = 1;
			};
			name = Debug;
		};
		C63EF7AA2A221EAB00A482EB /* Release */ = {
			isa = XCBuildConfiguration;
			buildSettings = {
				ASSETCATALOG_COMPILER_APPICON_NAME = AppIcon;
				ASSETCATALOG_COMPILER_GLOBAL_ACCENT_COLOR_NAME = AccentColor;
				CODE_SIGN_STYLE = Automatic;
				CURRENT_PROJECT_VERSION = 1;
				DEVELOPMENT_TEAM = Z3SPAA69G7;
				GENERATE_INFOPLIST_FILE = YES;
				INFOPLIST_FILE = Currency/App/Miscellaneous/Info.plist;
				INFOPLIST_KEY_LSApplicationCategoryType = "public.app-category.finance";
				INFOPLIST_KEY_UIApplicationSupportsIndirectInputEvents = YES;
				INFOPLIST_KEY_UILaunchStoryboardName = LaunchScreen;
				INFOPLIST_KEY_UIMainStoryboardFile = Main;
				INFOPLIST_KEY_UISupportedInterfaceOrientations_iPad = "UIInterfaceOrientationPortrait UIInterfaceOrientationPortraitUpsideDown UIInterfaceOrientationLandscapeLeft UIInterfaceOrientationLandscapeRight";
				INFOPLIST_KEY_UISupportedInterfaceOrientations_iPhone = "UIInterfaceOrientationPortrait UIInterfaceOrientationLandscapeLeft UIInterfaceOrientationLandscapeRight";
				IPHONEOS_DEPLOYMENT_TARGET = 13.0;
				LD_RUNPATH_SEARCH_PATHS = (
					"$(inherited)",
					"@executable_path/Frameworks",
				);
				MARKETING_VERSION = 1.0;
				PRODUCT_BUNDLE_IDENTIFIER = com.loay.Currency;
				PRODUCT_NAME = "$(TARGET_NAME)";
				SUPPORTED_PLATFORMS = "iphoneos iphonesimulator";
				SUPPORTS_MACCATALYST = NO;
				SUPPORTS_MAC_DESIGNED_FOR_IPHONE_IPAD = NO;
				SWIFT_EMIT_LOC_STRINGS = YES;
				SWIFT_VERSION = 5.0;
				TARGETED_DEVICE_FAMILY = 1;
			};
			name = Release;
		};
/* End XCBuildConfiguration section */

/* Begin XCConfigurationList section */
		C63EF78F2A221EAA00A482EB /* Build configuration list for PBXProject "Currency" */ = {
			isa = XCConfigurationList;
			buildConfigurations = (
				C63EF7A62A221EAB00A482EB /* Debug */,
				C63EF7A72A221EAB00A482EB /* Release */,
			);
			defaultConfigurationIsVisible = 0;
			defaultConfigurationName = Release;
		};
		C63EF7A82A221EAB00A482EB /* Build configuration list for PBXNativeTarget "Currency" */ = {
			isa = XCConfigurationList;
			buildConfigurations = (
				C63EF7A92A221EAB00A482EB /* Debug */,
				C63EF7AA2A221EAB00A482EB /* Release */,
			);
			defaultConfigurationIsVisible = 0;
			defaultConfigurationName = Release;
		};
/* End XCConfigurationList section */
	};
	rootObject = C63EF78C2A221EAA00A482EB /* Project object */;
}
